
Microsoft Visual Studio Solution File, Format Version 12.00
# Visual Studio Version 17
VisualStudioVersion = 17.6.33829.357
MinimumVisualStudioVersion = 10.0.40219.1
Project("{2150E333-8FDC-42A3-9474-1A3956D46DE8}") = "Services", "Services", "{26214DFC-A933-449A-B4C2-46C68ACAE234}"
EndProject
Project("{2150E333-8FDC-42A3-9474-1A3956D46DE8}") = "WebApps", "WebApps", "{7FD1D918-9A4E-4D5C-9CBB-7EA8AD72C414}"
EndProject
Project("{2150E333-8FDC-42A3-9474-1A3956D46DE8}") = "Cadastros", "Cadastros", "{DAB35175-E45A-4845-94AD-F19F171F4FB3}"
EndProject
Project("{2150E333-8FDC-42A3-9474-1A3956D46DE8}") = "Catalogos", "Catalogos", "{90803945-6AF6-49BF-BC90-F0A716BC7205}"
EndProject
Project("{2150E333-8FDC-42A3-9474-1A3956D46DE8}") = "Core", "Core", "{84634449-E4A1-4F0B-9C00-C456FCB81636}"
EndProject
Project("{2150E333-8FDC-42A3-9474-1A3956D46DE8}") = "Fiscal", "Fiscal", "{E90779A0-F1D2-4992-84EE-B0FDDF7D0BE4}"
EndProject
Project("{2150E333-8FDC-42A3-9474-1A3956D46DE8}") = "Pagamentos", "Pagamentos", "{F28FF19C-2EAF-46C6-A5F5-278D32E6A04F}"
EndProject
Project("{2150E333-8FDC-42A3-9474-1A3956D46DE8}") = "Vendas", "Vendas", "{59A67AFD-4279-47AD-A626-7014700D49C4}"
EndProject
Project("{FAE04EC0-301F-11D3-BF4B-00C04F79EFBC}") = "NerdStoreCatalogo.Domain", "NerdStoreCatalogo.Domain\NerdStoreCatalogo.Domain.csproj", "{3126C78E-9406-4182-944B-99054E13A7D8}"
EndProject
Project("{FAE04EC0-301F-11D3-BF4B-00C04F79EFBC}") = "NerdStore.Core", "NerdStore.Core\NerdStore.Core.csproj", "{7B493B8F-C789-4A9F-B2E9-234982B88D16}"
EndProject
Project("{2150E333-8FDC-42A3-9474-1A3956D46DE8}") = "Testes", "Testes", "{35138A5C-B66C-483F-8076-3C06FC11530A}"
EndProject
Project("{FAE04EC0-301F-11D3-BF4B-00C04F79EFBC}") = "NerdStoreCatalogo.Domain.Tests", "NerdStoreCatalogo.Domain.Tests\NerdStoreCatalogo.Domain.Tests.csproj", "{EC970C30-F0AA-4F57-BB87-DC333B257676}"
EndProject
Project("{FAE04EC0-301F-11D3-BF4B-00C04F79EFBC}") = "NerdStoreCatalogo.Data", "src\NerdStoreCatalogo.Data\NerdStoreCatalogo.Data.csproj", "{0B14AA34-5BFF-4DD7-88A0-A41956D422D2}"
EndProject
Global
	GlobalSection(SolutionConfigurationPlatforms) = preSolution
		Debug|Any CPU = Debug|Any CPU
		Release|Any CPU = Release|Any CPU
	EndGlobalSection
	GlobalSection(ProjectConfigurationPlatforms) = postSolution
		{3126C78E-9406-4182-944B-99054E13A7D8}.Debug|Any CPU.ActiveCfg = Debug|Any CPU
		{3126C78E-9406-4182-944B-99054E13A7D8}.Debug|Any CPU.Build.0 = Debug|Any CPU
		{3126C78E-9406-4182-944B-99054E13A7D8}.Release|Any CPU.ActiveCfg = Release|Any CPU
		{3126C78E-9406-4182-944B-99054E13A7D8}.Release|Any CPU.Build.0 = Release|Any CPU
		{7B493B8F-C789-4A9F-B2E9-234982B88D16}.Debug|Any CPU.ActiveCfg = Debug|Any CPU
		{7B493B8F-C789-4A9F-B2E9-234982B88D16}.Debug|Any CPU.Build.0 = Debug|Any CPU
		{7B493B8F-C789-4A9F-B2E9-234982B88D16}.Release|Any CPU.ActiveCfg = Release|Any CPU
		{7B493B8F-C789-4A9F-B2E9-234982B88D16}.Release|Any CPU.Build.0 = Release|Any CPU
		{EC970C30-F0AA-4F57-BB87-DC333B257676}.Debug|Any CPU.ActiveCfg = Debug|Any CPU
		{EC970C30-F0AA-4F57-BB87-DC333B257676}.Debug|Any CPU.Build.0 = Debug|Any CPU
		{EC970C30-F0AA-4F57-BB87-DC333B257676}.Release|Any CPU.ActiveCfg = Release|Any CPU
		{EC970C30-F0AA-4F57-BB87-DC333B257676}.Release|Any CPU.Build.0 = Release|Any CPU
		{0B14AA34-5BFF-4DD7-88A0-A41956D422D2}.Debug|Any CPU.ActiveCfg = Debug|Any CPU
		{0B14AA34-5BFF-4DD7-88A0-A41956D422D2}.Debug|Any CPU.Build.0 = Debug|Any CPU
		{0B14AA34-5BFF-4DD7-88A0-A41956D422D2}.Release|Any CPU.ActiveCfg = Release|Any CPU
		{0B14AA34-5BFF-4DD7-88A0-A41956D422D2}.Release|Any CPU.Build.0 = Release|Any CPU
	EndGlobalSection
	GlobalSection(SolutionProperties) = preSolution
		HideSolutionNode = FALSE
	EndGlobalSection
	GlobalSection(NestedProjects) = preSolution
		{DAB35175-E45A-4845-94AD-F19F171F4FB3} = {26214DFC-A933-449A-B4C2-46C68ACAE234}
		{90803945-6AF6-49BF-BC90-F0A716BC7205} = {26214DFC-A933-449A-B4C2-46C68ACAE234}
		{84634449-E4A1-4F0B-9C00-C456FCB81636} = {26214DFC-A933-449A-B4C2-46C68ACAE234}
		{E90779A0-F1D2-4992-84EE-B0FDDF7D0BE4} = {26214DFC-A933-449A-B4C2-46C68ACAE234}
		{F28FF19C-2EAF-46C6-A5F5-278D32E6A04F} = {26214DFC-A933-449A-B4C2-46C68ACAE234}
		{59A67AFD-4279-47AD-A626-7014700D49C4} = {26214DFC-A933-449A-B4C2-46C68ACAE234}
		{3126C78E-9406-4182-944B-99054E13A7D8} = {90803945-6AF6-49BF-BC90-F0A716BC7205}
		{7B493B8F-C789-4A9F-B2E9-234982B88D16} = {84634449-E4A1-4F0B-9C00-C456FCB81636}
		{35138A5C-B66C-483F-8076-3C06FC11530A} = {90803945-6AF6-49BF-BC90-F0A716BC7205}
		{EC970C30-F0AA-4F57-BB87-DC333B257676} = {35138A5C-B66C-483F-8076-3C06FC11530A}
		{0B14AA34-5BFF-4DD7-88A0-A41956D422D2} = {90803945-6AF6-49BF-BC90-F0A716BC7205}
	EndGlobalSection
	GlobalSection(ExtensibilityGlobals) = postSolution
		SolutionGuid = {AED4223B-2B4D-4DCE-90FB-FADF8F8F4760}
	EndGlobalSection
EndGlobal
